<?xml version="1.0" encoding="utf-8"?>
<Project ToolsVersion="4.0" xmlns="http://schemas.microsoft.com/developer/msbuild/2003">
  <ItemGroup>
    <Filter Include="Source Files">
      <UniqueIdentifier>{4FC737F1-C7A5-4376-A066-2A32D752A2FF}</UniqueIdentifier>
      <Extensions>cpp;c;cc;cxx;def;odl;idl;hpj;bat;asm;asmx</Extensions>
    </Filter>
    <Filter Include="Header Files">
      <UniqueIdentifier>{93995380-89BD-4b04-88EB-625FBE52EBFB}</UniqueIdentifier>
      <Extensions>h;hh;hpp;hxx;hm;inl;inc;xsd</Extensions>
    </Filter>
    <Filter Include="Resource Files">
      <UniqueIdentifier>{67DA6AB6-F800-4c08-8B7A-83BB121AAD01}</UniqueIdentifier>
      <Extensions>rc;ico;cur;bmp;dlg;rc2;rct;bin;rgs;gif;jpg;jpeg;jpe;resx;tiff;tif;png;wav;mfcribbon-ms</Extensions>
    </Filter>
  </ItemGroup>
  <ItemGroup>
    <None Include="UniWatchSimple.ino" />
  </ItemGroup>
  <ItemGroup>
    <ClInclude Include="__vm\.UniWatchSimple.vsarduino.h">
      <Filter>Header Files</Filter>
    </ClInclude>
    <ClInclude Include="AbstractInputHandler.h">
      <Filter>Header Files</Filter>
    </ClInclude>
    <ClInclude Include="AbstractInputInterpreter.h">
      <Filter>Header Files</Filter>
    </ClInclude>
    <ClInclude Include="Action_reader.h">
      <Filter>Header Files</Filter>
    </ClInclude>
    <ClInclude Include="Animation.h">
      <Filter>Header Files</Filter>
    </ClInclude>
    <ClInclude Include="Application_reader.h">
      <Filter>Header Files</Filter>
    </ClInclude>
    <ClInclude Include="AppsMenu.h">
      <Filter>Header Files</Filter>
    </ClInclude>
    <ClInclude Include="Background_reader.h">
      <Filter>Header Files</Filter>
    </ClInclude>
    <ClInclude Include="Back_reader.h">
      <Filter>Header Files</Filter>
    </ClInclude>
    <ClInclude Include="Barometer.h">
      <Filter>Header Files</Filter>
    </ClInclude>
    <ClInclude Include="BatteryManager.h">
      <Filter>Header Files</Filter>
    </ClInclude>
    <ClInclude Include="BME280Barometer.h">
      <Filter>Header Files</Filter>
    </ClInclude>
    <ClInclude Include="BuiltInApplication.h">
      <Filter>Header Files</Filter>
    </ClInclude>
    <ClInclude Include="CardAttributes_reader.h">
      <Filter>Header Files</Filter>
    </ClInclude>
    <ClInclude Include="Column.h">
      <Filter>Header Files</Filter>
    </ClInclude>
    <ClInclude Include="Command_reader.h">
      <Filter>Header Files</Filter>
    </ClInclude>
    <ClInclude Include="CommonActionsScreen.h">
      <Filter>Header Files</Filter>
    </ClInclude>
    <ClInclude Include="Components_reader.h">
      <Filter>Header Files</Filter>
    </ClInclude>
    <ClInclude Include="Config.h">
      <Filter>Header Files</Filter>
    </ClInclude>
    <ClInclude Include="ConnectingScreen.h">
      <Filter>Header Files</Filter>
    </ClInclude>
    <ClInclude Include="CustomScreen.h">
      <Filter>Header Files</Filter>
    </ClInclude>
    <ClInclude Include="DataBinding_reader.h">
      <Filter>Header Files</Filter>
    </ClInclude>
    <ClInclude Include="DefaultDatatypes_reader.h">
      <Filter>Header Files</Filter>
    </ClInclude>
    <ClInclude Include="DependenciesHolder.h">
      <Filter>Header Files</Filter>
    </ClInclude>
    <ClInclude Include="ExtraPeripheralsManager.h">
      <Filter>Header Files</Filter>
    </ClInclude>
    <ClInclude Include="Extras_reader.h">
      <Filter>Header Files</Filter>
    </ClInclude>
    <ClInclude Include="FlashlightApp.h">
      <Filter>Header Files</Filter>
    </ClInclude>
    <ClInclude Include="flatbuffers_common_builder.h">
      <Filter>Header Files</Filter>
    </ClInclude>
    <ClInclude Include="flatbuffers_common_reader.h">
      <Filter>Header Files</Filter>
    </ClInclude>
    <ClInclude Include="GenericMenuScreen.h">
      <Filter>Header Files</Filter>
    </ClInclude>
    <ClInclude Include="GenericTextScreen.h">
      <Filter>Header Files</Filter>
    </ClInclude>
    <ClInclude Include="Handshake_reader.h">
      <Filter>Header Files</Filter>
    </ClInclude>
    <ClInclude Include="HomeScreen.h">
      <Filter>Header Files</Filter>
    </ClInclude>
    <ClInclude Include="Id_reader.h">
      <Filter>Header Files</Filter>
    </ClInclude>
    <ClInclude Include="IFTTApp.h">
      <Filter>Header Files</Filter>
    </ClInclude>
    <ClInclude Include="InputHandler.h">
      <Filter>Header Files</Filter>
    </ClInclude>
    <ClInclude Include="Label.h">
      <Filter>Header Files</Filter>
    </ClInclude>
    <ClInclude Include="Layout.h">
      <Filter>Header Files</Filter>
    </ClInclude>
    <ClInclude Include="LayoutAttributes_reader.h">
      <Filter>Header Files</Filter>
    </ClInclude>
    <ClInclude Include="LinkedList.h">
      <Filter>Header Files</Filter>
    </ClInclude>
    <ClInclude Include="ListData_reader.h">
      <Filter>Header Files</Filter>
    </ClInclude>
    <ClInclude Include="MainSlideLayout.h">
      <Filter>Header Files</Filter>
    </ClInclude>
    <ClInclude Include="Message_reader.h">
      <Filter>Header Files</Filter>
    </ClInclude>
    <ClInclude Include="MessagingData_reader.h">
      <Filter>Header Files</Filter>
    </ClInclude>
    <ClInclude Include="Open_reader.h">
      <Filter>Header Files</Filter>
    </ClInclude>
    <ClInclude Include="Profile_reader.h">
      <Filter>Header Files</Filter>
    </ClInclude>
    <ClInclude Include="Renderer.h">
      <Filter>Header Files</Filter>
    </ClInclude>
    <ClInclude Include="Requirements_reader.h">
      <Filter>Header Files</Filter>
    </ClInclude>
    <ClInclude Include="SettingsManager.h">
      <Filter>Header Files</Filter>
    </ClInclude>
    <ClInclude Include="SettingsScreen.h">
      <Filter>Header Files</Filter>
    </ClInclude>
    <ClInclude Include="ShapeAttributes_reader.h">
      <Filter>Header Files</Filter>
    </ClInclude>
    <ClInclude Include="SimpleListEntry_reader.h">
      <Filter>Header Files</Filter>
    </ClInclude>
    <ClInclude Include="SimpleMenuRecord.h">
      <Filter>Header Files</Filter>
    </ClInclude>
    <ClInclude Include="SimpleRequestsApp.h">
      <Filter>Header Files</Filter>
    </ClInclude>
    <ClInclude Include="SSD1306Renderer.h">
      <Filter>Header Files</Filter>
    </ClInclude>
    <ClInclude Include="SSH1106Renderer.h">
      <Filter>Header Files</Filter>
    </ClInclude>
    <ClInclude Include="StaticResources.h">
      <Filter>Header Files</Filter>
    </ClInclude>
    <ClInclude Include="StatusApp.h">
      <Filter>Header Files</Filter>
    </ClInclude>
    <ClInclude Include="Style_reader.h">
      <Filter>Header Files</Filter>
    </ClInclude>
    <ClInclude Include="TemplateRoot_reader.h">
      <Filter>Header Files</Filter>
    </ClInclude>
    <ClInclude Include="Template_reader.h">
      <Filter>Header Files</Filter>
    </ClInclude>
    <ClInclude Include="TextAttributes_reader.h">
      <Filter>Header Files</Filter>
    </ClInclude>
    <ClInclude Include="TextData_reader.h">
      <Filter>Header Files</Filter>
    </ClInclude>
    <ClInclude Include="Thermometer.h">
      <Filter>Header Files</Filter>
    </ClInclude>
    <ClInclude Include="TimeKepper.h">
      <Filter>Header Files</Filter>
    </ClInclude>
    <ClInclude Include="TopBar.h">
      <Filter>Header Files</Filter>
    </ClInclude>
    <ClInclude Include="Update_reader.h">
      <Filter>Header Files</Filter>
    </ClInclude>
    <ClInclude Include="UserInterface.h">
      <Filter>Header Files</Filter>
    </ClInclude>
    <ClInclude Include="View_reader.h">
      <Filter>Header Files</Filter>
    </ClInclude>
    <ClInclude Include="WatchHttpClient.h">
      <Filter>Header Files</Filter>
    </ClInclude>
    <ClInclude Include="WeatherApp.h">
      <Filter>Header Files</Filter>
    </ClInclude>
    <ClInclude Include="Widget.h">
      <Filter>Header Files</Filter>
    </ClInclude>
    <ClInclude Include="Widget_reader.h">
      <Filter>Header Files</Filter>
    </ClInclude>
    <ClInclude Include="flatcc\flatcc.h">
      <Filter>Header Files</Filter>
    </ClInclude>
    <ClInclude Include="flatcc\flatcc_accessors.h">
      <Filter>Header Files</Filter>
    </ClInclude>
    <ClInclude Include="flatcc\flatcc_alloc.h">
      <Filter>Header Files</Filter>
    </ClInclude>
    <ClInclude Include="flatcc\flatcc_builder.h">
      <Filter>Header Files</Filter>
    </ClInclude>
    <ClInclude Include="flatcc\flatcc_emitter.h">
      <Filter>Header Files</Filter>
    </ClInclude>
    <ClInclude Include="flatcc\flatcc_endian.h">
      <Filter>Header Files</Filter>
    </ClInclude>
    <ClInclude Include="flatcc\flatcc_epilogue.h">
      <Filter>Header Files</Filter>
    </ClInclude>
    <ClInclude Include="flatcc\flatcc_flatbuffers.h">
      <Filter>Header Files</Filter>
    </ClInclude>
    <ClInclude Include="flatcc\flatcc_identifier.h">
      <Filter>Header Files</Filter>
    </ClInclude>
    <ClInclude Include="flatcc\flatcc_iov.h">
      <Filter>Header Files</Filter>
    </ClInclude>
    <ClInclude Include="flatcc\flatcc_json_parser.h">
      <Filter>Header Files</Filter>
    </ClInclude>
    <ClInclude Include="flatcc\flatcc_json_printer.h">
      <Filter>Header Files</Filter>
    </ClInclude>
    <ClInclude Include="flatcc\flatcc_portable.h">
      <Filter>Header Files</Filter>
    </ClInclude>
    <ClInclude Include="flatcc\flatcc_prologue.h">
      <Filter>Header Files</Filter>
    </ClInclude>
    <ClInclude Include="flatcc\flatcc_refmap.h">
      <Filter>Header Files</Filter>
    </ClInclude>
    <ClInclude Include="flatcc\flatcc_rtconfig.h">
      <Filter>Header Files</Filter>
    </ClInclude>
    <ClInclude Include="flatcc\flatcc_types.h">
      <Filter>Header Files</Filter>
    </ClInclude>
    <ClInclude Include="flatcc\flatcc_unaligned.h">
      <Filter>Header Files</Filter>
    </ClInclude>
    <ClInclude Include="flatcc\flatcc_verifier.h">
      <Filter>Header Files</Filter>
    </ClInclude>
    <ClInclude Include="flatcc\flatcc_version.h">
      <Filter>Header Files</Filter>
    </ClInclude>
    <ClInclude Include="flatcc\portable\grisu3_math.h">
      <Filter>Header Files</Filter>
    </ClInclude>
    <ClInclude Include="flatcc\portable\grisu3_parse.h">
      <Filter>Header Files</Filter>
    </ClInclude>
    <ClInclude Include="flatcc\portable\grisu3_print.h">
      <Filter>Header Files</Filter>
    </ClInclude>
    <ClInclude Include="flatcc\portable\paligned_alloc.h">
      <Filter>Header Files</Filter>
    </ClInclude>
    <ClInclude Include="flatcc\portable\pbase64.h">
      <Filter>Header Files</Filter>
    </ClInclude>
    <ClInclude Include="flatcc\portable\pdiagnostic.h">
      <Filter>Header Files</Filter>
    </ClInclude>
    <ClInclude Include="flatcc\portable\pdiagnostic_pop.h">
      <Filter>Header Files</Filter>
    </ClInclude>
    <ClInclude Include="flatcc\portable\pdiagnostic_push.h">
      <Filter>Header Files</Filter>
    </ClInclude>
    <ClInclude Include="flatcc\portable\pendian.h">
      <Filter>Header Files</Filter>
    </ClInclude>
    <ClInclude Include="flatcc\portable\pendian_detect.h">
      <Filter>Header Files</Filter>
    </ClInclude>
    <ClInclude Include="flatcc\portable\pinline.h">
      <Filter>Header Files</Filter>
    </ClInclude>
    <ClInclude Include="flatcc\portable\pinttypes.h">
      <Filter>Header Files</Filter>
    </ClInclude>
    <ClInclude Include="flatcc\portable\portable.h">
      <Filter>Header Files</Filter>
    </ClInclude>
    <ClInclude Include="flatcc\portable\portable_basic.h">
      <Filter>Header Files</Filter>
    </ClInclude>
    <ClInclude Include="flatcc\portable\pparsefp.h">
      <Filter>Header Files</Filter>
    </ClInclude>
    <ClInclude Include="flatcc\portable\pparseint.h">
      <Filter>Header Files</Filter>
    </ClInclude>
    <ClInclude Include="flatcc\portable\pprintfp.h">
      <Filter>Header Files</Filter>
    </ClInclude>
    <ClInclude Include="flatcc\portable\pprintint.h">
      <Filter>Header Files</Filter>
    </ClInclude>
    <ClInclude Include="flatcc\portable\pstatic_assert.h">
      <Filter>Header Files</Filter>
    </ClInclude>
    <ClInclude Include="flatcc\portable\pstatic_assert_scope.h">
      <Filter>Header Files</Filter>
    </ClInclude>
    <ClInclude Include="flatcc\portable\pstdalign.h">
      <Filter>Header Files</Filter>
    </ClInclude>
    <ClInclude Include="flatcc\portable\pstdbool.h">
      <Filter>Header Files</Filter>
    </ClInclude>
    <ClInclude Include="flatcc\portable\pstdint.h">
      <Filter>Header Files</Filter>
    </ClInclude>
    <ClInclude Include="flatcc\portable\punaligned.h">
      <Filter>Header Files</Filter>
    </ClInclude>
    <ClInclude Include="flatcc\portable\pversion.h">
      <Filter>Header Files</Filter>
    </ClInclude>
    <ClInclude Include="flatcc\portable\pwarnings.h">
      <Filter>Header Files</Filter>
    </ClInclude>
    <ClInclude Include="flatcc\portable\include\linux\endian.h">
      <Filter>Header Files</Filter>
    </ClInclude>
    <ClInclude Include="flatcc\portable\include\std\inttypes.h">
      <Filter>Header Files</Filter>
    </ClInclude>
    <ClInclude Include="flatcc\portable\include\std\stdalign.h">
      <Filter>Header Files</Filter>
    </ClInclude>
    <ClInclude Include="flatcc\portable\include\std\stdbool.h">
      <Filter>Header Files</Filter>
    </ClInclude>
    <ClInclude Include="flatcc\portable\include\std\stdint.h">
      <Filter>Header Files</Filter>
    </ClInclude>
    <ClInclude Include="flatcc\reflection\flatbuffers_common_builder.h">
      <Filter>Header Files</Filter>
    </ClInclude>
    <ClInclude Include="flatcc\reflection\flatbuffers_common_reader.h">
      <Filter>Header Files</Filter>
    </ClInclude>
    <ClInclude Include="flatcc\reflection\reflection_builder.h">
      <Filter>Header Files</Filter>
    </ClInclude>
    <ClInclude Include="flatcc\reflection\reflection_reader.h">
      <Filter>Header Files</Filter>
    </ClInclude>
    <ClInclude Include="flatcc\reflection\reflection_verifier.h">
      <Filter>Header Files</Filter>
    </ClInclude>
    <ClInclude Include="flatcc\support\cdump.h">
      <Filter>Header Files</Filter>
    </ClInclude>
    <ClInclude Include="flatcc\support\elapsed.h">
      <Filter>Header Files</Filter>
    </ClInclude>
    <ClInclude Include="flatcc\support\hexdump.h">
      <Filter>Header Files</Filter>
    </ClInclude>
    <ClInclude Include="flatcc\support\readfile.h">
      <Filter>Header Files</Filter>
    </ClInclude>
    <ClInclude Include="FlappyBird.h">
      <Filter>Header Files</Filter>
    </ClInclude>
    <ClInclude Include="Game.h">
      <Filter>Header Files</Filter>
    </ClInclude>
    <ClInclude Include="ESPert.h">
      <Filter>Header Files</Filter>
    </ClInclude>
    <ClInclude Include="FlappyBirdApp.h">
      <Filter>Header Files</Filter>
    </ClInclude>
    <ClInclude Include="TimeConfiguratorApp.h">
      <Filter>Header Files</Filter>
    </ClInclude>
    <ClInclude Include="ImagesMenu.h">
      <Filter>Header Files</Filter>
    </ClInclude>
    <ClInclude Include="SSD1306Fonts.h">
      <Filter>Header Files</Filter>
    </ClInclude>
    <ClInclude Include="DelayedAction.h">
      <Filter>Header Files</Filter>
    </ClInclude>
    <ClInclude Include="SettingsApp.h">
      <Filter>Header Files</Filter>
    </ClInclude>
    <ClInclude Include="WiFiConnectApp.h">
      <Filter>Header Files</Filter>
    </ClInclude>
    <ClInclude Include="GamesApp.h">
      <Filter>Header Files</Filter>
    </ClInclude>
    <ClInclude Include="AppMarketApp.h">
      <Filter>Header Files</Filter>
    </ClInclude>
    <ClInclude Include="GenericDialogScreen.h">
      <Filter>Header Files</Filter>
    </ClInclude>
    <ClInclude Include="StarsApp.h">
      <Filter>Header Files</Filter>
    </ClInclude>
    <ClInclude Include="GenericLoadingScreen.h">
      <Filter>Header Files</Filter>
    </ClInclude>
    <ClInclude Include="tests.h">
      <Filter>Header Files</Filter>
    </ClInclude>
    <ClInclude Include="TestingEnv.h">
      <Filter>Header Files</Filter>
    </ClInclude>
    <ClInclude Include="Buzzer.h">
      <Filter>Header Files</Filter>
    </ClInclude>
    <ClInclude Include="AlarmApp.h">
      <Filter>Header Files</Filter>
    </ClInclude>
    <ClInclude Include="StopwatchApp.h">
      <Filter>Header Files</Filter>
    </ClInclude>
    <ClInclude Include="ShutdownAnimationLayout.h">
      <Filter>Header Files</Filter>
    </ClInclude>
    <ClInclude Include="LowBatteryLayout.h">
      <Filter>Header Files</Filter>
    </ClInclude>
  </ItemGroup>
  <ItemGroup>
    <ClCompile Include="AbstractInputHandler.cpp">
      <Filter>Source Files</Filter>
    </ClCompile>
    <ClCompile Include="AbstractInputInterpreter.cpp">
      <Filter>Source Files</Filter>
    </ClCompile>
    <ClCompile Include="Animation.cpp">
      <Filter>Source Files</Filter>
    </ClCompile>
    <ClCompile Include="AppsMenu.cpp">
      <Filter>Source Files</Filter>
    </ClCompile>
    <ClCompile Include="Barometer.cpp">
      <Filter>Source Files</Filter>
    </ClCompile>
    <ClCompile Include="BatteryManager.cpp">
      <Filter>Source Files</Filter>
    </ClCompile>
    <ClCompile Include="BME280Barometer.cpp">
      <Filter>Source Files</Filter>
    </ClCompile>
    <ClCompile Include="BuiltInApplication.cpp">
      <Filter>Source Files</Filter>
    </ClCompile>
    <ClCompile Include="Column.cpp">
      <Filter>Source Files</Filter>
    </ClCompile>
    <ClCompile Include="CommonActionsScreen.cpp">
      <Filter>Source Files</Filter>
    </ClCompile>
    <ClCompile Include="ConnectingScreen.cpp">
      <Filter>Source Files</Filter>
    </ClCompile>
    <ClCompile Include="CustomScreen.cpp">
      <Filter>Source Files</Filter>
    </ClCompile>
    <ClCompile Include="DependenciesHolder.cpp">
      <Filter>Source Files</Filter>
    </ClCompile>
    <ClCompile Include="ExtraPeripheralsManager.cpp">
      <Filter>Source Files</Filter>
    </ClCompile>
    <ClCompile Include="FlashlightApp.cpp">
      <Filter>Source Files</Filter>
    </ClCompile>
    <ClCompile Include="GenericMenuScreen.cpp">
      <Filter>Source Files</Filter>
    </ClCompile>
    <ClCompile Include="GenericTextScreen.cpp">
      <Filter>Source Files</Filter>
    </ClCompile>
    <ClCompile Include="HomeScreen.cpp">
      <Filter>Source Files</Filter>
    </ClCompile>
    <ClCompile Include="IFTTApp.cpp">
      <Filter>Source Files</Filter>
    </ClCompile>
    <ClCompile Include="InputHandler.cpp">
      <Filter>Source Files</Filter>
    </ClCompile>
    <ClCompile Include="Label.cpp">
      <Filter>Source Files</Filter>
    </ClCompile>
    <ClCompile Include="Layout.cpp">
      <Filter>Source Files</Filter>
    </ClCompile>
    <ClCompile Include="MainSlideLayout.cpp">
      <Filter>Source Files</Filter>
    </ClCompile>
    <ClCompile Include="Renderer.cpp">
      <Filter>Source Files</Filter>
    </ClCompile>
    <ClCompile Include="SettingsManager.cpp">
      <Filter>Source Files</Filter>
    </ClCompile>
    <ClCompile Include="SettingsScreen.cpp">
      <Filter>Source Files</Filter>
    </ClCompile>
    <ClCompile Include="SimpleMenuRecord.cpp">
      <Filter>Source Files</Filter>
    </ClCompile>
    <ClCompile Include="SimpleRequestsApp.cpp">
      <Filter>Source Files</Filter>
    </ClCompile>
    <ClCompile Include="SSD1306Renderer.cpp">
      <Filter>Source Files</Filter>
    </ClCompile>
    <ClCompile Include="SSH1106Renderer.cpp">
      <Filter>Source Files</Filter>
    </ClCompile>
    <ClCompile Include="StaticResources.cpp">
      <Filter>Source Files</Filter>
    </ClCompile>
    <ClCompile Include="StatusApp.cpp">
      <Filter>Source Files</Filter>
    </ClCompile>
    <ClCompile Include="Thermometer.cpp">
      <Filter>Source Files</Filter>
    </ClCompile>
    <ClCompile Include="TimeKepper.cpp">
      <Filter>Source Files</Filter>
    </ClCompile>
    <ClCompile Include="TopBar.cpp">
      <Filter>Source Files</Filter>
    </ClCompile>
    <ClCompile Include="UserInterface.cpp">
      <Filter>Source Files</Filter>
    </ClCompile>
    <ClCompile Include="WatchHttpClient.cpp">
      <Filter>Source Files</Filter>
    </ClCompile>
    <ClCompile Include="WeatherApp.cpp">
      <Filter>Source Files</Filter>
    </ClCompile>
    <ClCompile Include="Widget.cpp">
      <Filter>Source Files</Filter>
    </ClCompile>
    <ClCompile Include="FlappyBird.cpp">
      <Filter>Source Files</Filter>
    </ClCompile>
    <ClCompile Include="Game.cpp">
      <Filter>Source Files</Filter>
    </ClCompile>
    <ClCompile Include="ESPert.cpp">
      <Filter>Source Files</Filter>
    </ClCompile>
    <ClCompile Include="FlappyBirdApp.cpp">
      <Filter>Source Files</Filter>
    </ClCompile>
    <ClCompile Include="TimeConfiguratorApp.cpp">
      <Filter>Source Files</Filter>
    </ClCompile>
    <ClCompile Include="ImagesMenu.cpp">
      <Filter>Source Files</Filter>
    </ClCompile>
    <ClCompile Include="SSD1306Fonts.cpp">
      <Filter>Source Files</Filter>
    </ClCompile>
    <ClCompile Include="DelayedAction.cpp">
      <Filter>Source Files</Filter>
    </ClCompile>
    <ClCompile Include="SettingsApp.cpp">
      <Filter>Source Files</Filter>
    </ClCompile>
    <ClCompile Include="WiFiConnectApp.cpp">
      <Filter>Source Files</Filter>
    </ClCompile>
    <ClCompile Include="GamesApp.cpp">
      <Filter>Source Files</Filter>
    </ClCompile>
    <ClCompile Include="AppMarketApp.cpp">
      <Filter>Source Files</Filter>
    </ClCompile>
    <ClCompile Include="GenericDialogScreen.cpp">
      <Filter>Source Files</Filter>
    </ClCompile>
    <ClCompile Include="StarsApp.cpp">
      <Filter>Source Files</Filter>
    </ClCompile>
    <ClCompile Include="GenericLoadingScreen.cpp">
      <Filter>Source Files</Filter>
    </ClCompile>
    <ClCompile Include="tests.cpp">
      <Filter>Source Files</Filter>
    </ClCompile>
    <ClCompile Include="TestingEnv.cpp">
      <Filter>Source Files</Filter>
    </ClCompile>
    <ClCompile Include="Buzzer.cpp">
      <Filter>Source Files</Filter>
    </ClCompile>
    <ClCompile Include="AlarmApp.cpp">
      <Filter>Source Files</Filter>
    </ClCompile>
    <ClCompile Include="StopwatchApp.cpp">
      <Filter>Source Files</Filter>
    </ClCompile>
    <ClCompile Include="ShutdownAnimationLayout.cpp">
      <Filter>Source Files</Filter>
    </ClCompile>
    <ClCompile Include="LowBatteryLayout.cpp">
      <Filter>Source Files</Filter>
    </ClCompile>
  </ItemGroup>
</Project>